
Microsoft Visual Studio Solution File, Format Version 12.00
# Visual Studio Version 17
VisualStudioVersion = 17.13.36105.23 d17.13
MinimumVisualStudioVersion = 10.0.40219.1
Project("{FAE04EC0-301F-11D3-BF4B-00C04F79EFBC}") = "Toolbox", "Toolbox\Toolbox.csproj", "{B262940C-E547-415B-9706-C65DB2BA518C}"
EndProject
Global
	GlobalSection(SolutionConfigurationPlatforms) = preSolution
		Debug|Any CPU = Debug|Any CPU
		Release|Any CPU = Release|Any CPU
	EndGlobalSection
	GlobalSection(ProjectConfigurationPlatforms) = postSolution
		{B262940C-E547-415B-9706-C65DB2BA518C}.Debug|Any CPU.ActiveCfg = Debug|Any CPU
		{B262940C-E547-415B-9706-C65DB2BA518C}.Debug|Any CPU.Build.0 = Debug|Any CPU
		{B262940C-E547-415B-9706-C65DB2BA518C}.Release|Any CPU.ActiveCfg = Release|Any CPU
		{B262940C-E547-415B-9706-C65DB2BA518C}.Release|Any CPU.Build.0 = Release|Any CPU
	EndGlobalSection
	GlobalSection(SolutionProperties) = preSolution
		HideSolutionNode = FALSE
	EndGlobalSection
	GlobalSection(ExtensibilityGlobals) = postSolution
		SolutionGuid = {03189E14-1F65-4E24-B99A-D0BD273ABED5}
	EndGlobalSection
EndGlobal
